// !$*UTF8*$!
{
	archiveVersion = 1;
	classes = {
	};
	objectVersion = 55;
	objects = {

/* Begin PBXBuildFile section */
		5F05722628CEB19C0060579B /* AppDelegate.swift in Sources */ = {isa = PBXBuildFile; fileRef = 5F05722528CEB19C0060579B /* AppDelegate.swift */; };
		5F05722A28CEB19C0060579B /* MainViewController.swift in Sources */ = {isa = PBXBuildFile; fileRef = 5F05722928CEB19C0060579B /* MainViewController.swift */; };
		5F05722D28CEB19C0060579B /* Main.storyboard in Resources */ = {isa = PBXBuildFile; fileRef = 5F05722B28CEB19C0060579B /* Main.storyboard */; };
		5F05722F28CEB19E0060579B /* Assets.xcassets in Resources */ = {isa = PBXBuildFile; fileRef = 5F05722E28CEB19E0060579B /* Assets.xcassets */; };
		5F05723228CEB19E0060579B /* LaunchScreen.storyboard in Resources */ = {isa = PBXBuildFile; fileRef = 5F05723028CEB19E0060579B /* LaunchScreen.storyboard */; };
		5F05723D28CEB19F0060579B /* SamaritanTests.swift in Sources */ = {isa = PBXBuildFile; fileRef = 5F05723C28CEB19F0060579B /* SamaritanTests.swift */; };
		5F05724728CEB19F0060579B /* SamaritanUITests.swift in Sources */ = {isa = PBXBuildFile; fileRef = 5F05724628CEB19F0060579B /* SamaritanUITests.swift */; };
		5F05724928CEB19F0060579B /* SamaritanUITestsLaunchTests.swift in Sources */ = {isa = PBXBuildFile; fileRef = 5F05724828CEB19F0060579B /* SamaritanUITestsLaunchTests.swift */; };
		5F22AC1528D1E539005BD716 /* Constants.swift in Sources */ = {isa = PBXBuildFile; fileRef = 5F22AC1428D1E539005BD716 /* Constants.swift */; };
		5F4E157828D22C7E00DEF0AC /* Logger+Extension.swift in Sources */ = {isa = PBXBuildFile; fileRef = 5F4E157728D22C7E00DEF0AC /* Logger+Extension.swift */; };
		5F51630928D2D8080049EF0F /*  UserDefaults.swift in Sources */ = {isa = PBXBuildFile; fileRef = 5F51630828D2D8080049EF0F /*  UserDefaults.swift */; };
		5F8C432B28D1BBD600AED26E /* Realm in Frameworks */ = {isa = PBXBuildFile; productRef = 5F8C432A28D1BBD600AED26E /* Realm */; };
		5F8C432D28D1BBD600AED26E /* RealmSwift in Frameworks */ = {isa = PBXBuildFile; productRef = 5F8C432C28D1BBD600AED26E /* RealmSwift */; };
		5F8C432F28D1BC4D00AED26E /* WebHistoryRecord.swift in Sources */ = {isa = PBXBuildFile; fileRef = 5F8C432E28D1BC4D00AED26E /* WebHistoryRecord.swift */; };
		5F8C433128D1BF2900AED26E /* WebViewModel.swift in Sources */ = {isa = PBXBuildFile; fileRef = 5F8C433028D1BF2900AED26E /* WebViewModel.swift */; };
		5F8C433328D1C3E100AED26E /* WKWebView+Extensions.swift in Sources */ = {isa = PBXBuildFile; fileRef = 5F8C433228D1C3E100AED26E /* WKWebView+Extensions.swift */; };
		5F9C650928D3BDAA005EF01E /* PresentationState.swift in Sources */ = {isa = PBXBuildFile; fileRef = 5F9C650828D3BDAA005EF01E /* PresentationState.swift */; };
		5FFD8C7128D1D96200FD234D /* UIButton+Extension.swift in Sources */ = {isa = PBXBuildFile; fileRef = 5FFD8C7028D1D96200FD234D /* UIButton+Extension.swift */; };
		5FFD8C7328D1D98200FD234D /* UIView+Extension.swift in Sources */ = {isa = PBXBuildFile; fileRef = 5FFD8C7228D1D98200FD234D /* UIView+Extension.swift */; };
/* End PBXBuildFile section */

/* Begin PBXContainerItemProxy section */
		5F05723928CEB19F0060579B /* PBXContainerItemProxy */ = {
			isa = PBXContainerItemProxy;
			containerPortal = 5F05721A28CEB19C0060579B /* Project object */;
			proxyType = 1;
			remoteGlobalIDString = 5F05722128CEB19C0060579B;
			remoteInfo = Samaritan;
		};
		5F05724328CEB19F0060579B /* PBXContainerItemProxy */ = {
			isa = PBXContainerItemProxy;
			containerPortal = 5F05721A28CEB19C0060579B /* Project object */;
			proxyType = 1;
			remoteGlobalIDString = 5F05722128CEB19C0060579B;
			remoteInfo = Samaritan;
		};
/* End PBXContainerItemProxy section */

/* Begin PBXFileReference section */
		5F05722228CEB19C0060579B /* Samaritan.app */ = {isa = PBXFileReference; explicitFileType = wrapper.application; includeInIndex = 0; path = Samaritan.app; sourceTree = BUILT_PRODUCTS_DIR; };
		5F05722528CEB19C0060579B /* AppDelegate.swift */ = {isa = PBXFileReference; lastKnownFileType = sourcecode.swift; path = AppDelegate.swift; sourceTree = "<group>"; };
		5F05722928CEB19C0060579B /* MainViewController.swift */ = {isa = PBXFileReference; lastKnownFileType = sourcecode.swift; path = MainViewController.swift; sourceTree = "<group>"; };
		5F05722C28CEB19C0060579B /* Base */ = {isa = PBXFileReference; lastKnownFileType = file.storyboard; name = Base; path = Base.lproj/Main.storyboard; sourceTree = "<group>"; };
		5F05722E28CEB19E0060579B /* Assets.xcassets */ = {isa = PBXFileReference; lastKnownFileType = folder.assetcatalog; path = Assets.xcassets; sourceTree = "<group>"; };
		5F05723128CEB19E0060579B /* Base */ = {isa = PBXFileReference; lastKnownFileType = file.storyboard; name = Base; path = Base.lproj/LaunchScreen.storyboard; sourceTree = "<group>"; };
		5F05723328CEB19E0060579B /* Info.plist */ = {isa = PBXFileReference; lastKnownFileType = text.plist.xml; path = Info.plist; sourceTree = "<group>"; };
		5F05723828CEB19F0060579B /* SamaritanTests.xctest */ = {isa = PBXFileReference; explicitFileType = wrapper.cfbundle; includeInIndex = 0; path = SamaritanTests.xctest; sourceTree = BUILT_PRODUCTS_DIR; };
		5F05723C28CEB19F0060579B /* SamaritanTests.swift */ = {isa = PBXFileReference; lastKnownFileType = sourcecode.swift; path = SamaritanTests.swift; sourceTree = "<group>"; };
		5F05724228CEB19F0060579B /* SamaritanUITests.xctest */ = {isa = PBXFileReference; explicitFileType = wrapper.cfbundle; includeInIndex = 0; path = SamaritanUITests.xctest; sourceTree = BUILT_PRODUCTS_DIR; };
		5F05724628CEB19F0060579B /* SamaritanUITests.swift */ = {isa = PBXFileReference; lastKnownFileType = sourcecode.swift; path = SamaritanUITests.swift; sourceTree = "<group>"; };
		5F05724828CEB19F0060579B /* SamaritanUITestsLaunchTests.swift */ = {isa = PBXFileReference; lastKnownFileType = sourcecode.swift; path = SamaritanUITestsLaunchTests.swift; sourceTree = "<group>"; };
		5F22AC1428D1E539005BD716 /* Constants.swift */ = {isa = PBXFileReference; lastKnownFileType = sourcecode.swift; path = Constants.swift; sourceTree = "<group>"; };
		5F4E157728D22C7E00DEF0AC /* Logger+Extension.swift */ = {isa = PBXFileReference; lastKnownFileType = sourcecode.swift; path = "Logger+Extension.swift"; sourceTree = "<group>"; };
		5F51630828D2D8080049EF0F /*  UserDefaults.swift */ = {isa = PBXFileReference; lastKnownFileType = sourcecode.swift; path = " UserDefaults.swift"; sourceTree = "<group>"; };
		5F8C432E28D1BC4D00AED26E /* WebHistoryRecord.swift */ = {isa = PBXFileReference; lastKnownFileType = sourcecode.swift; path = WebHistoryRecord.swift; sourceTree = "<group>"; };
		5F8C433028D1BF2900AED26E /* WebViewModel.swift */ = {isa = PBXFileReference; lastKnownFileType = sourcecode.swift; path = WebViewModel.swift; sourceTree = "<group>"; };
		5F8C433228D1C3E100AED26E /* WKWebView+Extensions.swift */ = {isa = PBXFileReference; lastKnownFileType = sourcecode.swift; path = "WKWebView+Extensions.swift"; sourceTree = "<group>"; };
		5F9C650828D3BDAA005EF01E /* PresentationState.swift */ = {isa = PBXFileReference; lastKnownFileType = sourcecode.swift; path = PresentationState.swift; sourceTree = "<group>"; };
		5FFD8C7028D1D96200FD234D /* UIButton+Extension.swift */ = {isa = PBXFileReference; fileEncoding = 4; lastKnownFileType = sourcecode.swift; path = "UIButton+Extension.swift"; sourceTree = "<group>"; };
		5FFD8C7228D1D98200FD234D /* UIView+Extension.swift */ = {isa = PBXFileReference; fileEncoding = 4; lastKnownFileType = sourcecode.swift; path = "UIView+Extension.swift"; sourceTree = "<group>"; };
/* End PBXFileReference section */

/* Begin PBXFrameworksBuildPhase section */
		5F05721F28CEB19C0060579B /* Frameworks */ = {
			isa = PBXFrameworksBuildPhase;
			buildActionMask = 2147483647;
			files = (
				5F8C432D28D1BBD600AED26E /* RealmSwift in Frameworks */,
				5F8C432B28D1BBD600AED26E /* Realm in Frameworks */,
			);
			runOnlyForDeploymentPostprocessing = 0;
		};
		5F05723528CEB19F0060579B /* Frameworks */ = {
			isa = PBXFrameworksBuildPhase;
			buildActionMask = 2147483647;
			files = (
			);
			runOnlyForDeploymentPostprocessing = 0;
		};
		5F05723F28CEB19F0060579B /* Frameworks */ = {
			isa = PBXFrameworksBuildPhase;
			buildActionMask = 2147483647;
			files = (
			);
			runOnlyForDeploymentPostprocessing = 0;
		};
/* End PBXFrameworksBuildPhase section */

/* Begin PBXGroup section */
		5F05721928CEB19C0060579B = {
			isa = PBXGroup;
			children = (
				5F05722428CEB19C0060579B /* Samaritan */,
				5F05723B28CEB19F0060579B /* SamaritanTests */,
				5F05724528CEB19F0060579B /* SamaritanUITests */,
				5F05722328CEB19C0060579B /* Products */,
			);
			sourceTree = "<group>";
		};
		5F05722328CEB19C0060579B /* Products */ = {
			isa = PBXGroup;
			children = (
				5F05722228CEB19C0060579B /* Samaritan.app */,
				5F05723828CEB19F0060579B /* SamaritanTests.xctest */,
				5F05724228CEB19F0060579B /* SamaritanUITests.xctest */,
			);
			name = Products;
			sourceTree = "<group>";
		};
		5F05722428CEB19C0060579B /* Samaritan */ = {
			isa = PBXGroup;
			children = (
				5F8C433828D1D17C00AED26E /* App */,
				5F8C433628D1D12E00AED26E /* Utilities */,
				5F22AC1628D1E543005BD716 /* Constants */,
				5F8C433728D1D14700AED26E /* View */,
				5F8C433428D1D10F00AED26E /* ViewModel */,
				5F8C433528D1D11800AED26E /* Model */,
				5F8C433928D1D1A300AED26E /* StoryBoards */,
				5F05722E28CEB19E0060579B /* Assets.xcassets */,
				5F05723328CEB19E0060579B /* Info.plist */,
			);
			path = Samaritan;
			sourceTree = "<group>";
		};
		5F05723B28CEB19F0060579B /* SamaritanTests */ = {
			isa = PBXGroup;
			children = (
				5F05723C28CEB19F0060579B /* SamaritanTests.swift */,
			);
			path = SamaritanTests;
			sourceTree = "<group>";
		};
		5F05724528CEB19F0060579B /* SamaritanUITests */ = {
			isa = PBXGroup;
			children = (
				5F05724628CEB19F0060579B /* SamaritanUITests.swift */,
				5F05724828CEB19F0060579B /* SamaritanUITestsLaunchTests.swift */,
			);
			path = SamaritanUITests;
			sourceTree = "<group>";
		};
		5F22AC1628D1E543005BD716 /* Constants */ = {
			isa = PBXGroup;
			children = (
				5F22AC1428D1E539005BD716 /* Constants.swift */,
			);
			path = Constants;
			sourceTree = "<group>";
		};
		5F8C433428D1D10F00AED26E /* ViewModel */ = {
			isa = PBXGroup;
			children = (
				5F8C433028D1BF2900AED26E /* WebViewModel.swift */,
			);
			path = ViewModel;
			sourceTree = "<group>";
		};
		5F8C433528D1D11800AED26E /* Model */ = {
			isa = PBXGroup;
			children = (
				5F8C432E28D1BC4D00AED26E /* WebHistoryRecord.swift */,
				5F9C650828D3BDAA005EF01E /* PresentationState.swift */,
			);
			path = Model;
			sourceTree = "<group>";
		};
		5F8C433628D1D12E00AED26E /* Utilities */ = {
			isa = PBXGroup;
			children = (
				5FFD8C7228D1D98200FD234D /* UIView+Extension.swift */,
				5FFD8C7028D1D96200FD234D /* UIButton+Extension.swift */,
				5F8C433228D1C3E100AED26E /* WKWebView+Extensions.swift */,
				5F4E157728D22C7E00DEF0AC /* Logger+Extension.swift */,
				5F51630828D2D8080049EF0F /*  UserDefaults.swift */,
			);
			path = Utilities;
			sourceTree = "<group>";
		};
		5F8C433728D1D14700AED26E /* View */ = {
			isa = PBXGroup;
			children = (
				5F05722928CEB19C0060579B /* MainViewController.swift */,
			);
			path = View;
			sourceTree = "<group>";
		};
		5F8C433828D1D17C00AED26E /* App */ = {
			isa = PBXGroup;
			children = (
				5F05722528CEB19C0060579B /* AppDelegate.swift */,
			);
			path = App;
			sourceTree = "<group>";
		};
		5F8C433928D1D1A300AED26E /* StoryBoards */ = {
			isa = PBXGroup;
			children = (
				5F05722B28CEB19C0060579B /* Main.storyboard */,
				5F05723028CEB19E0060579B /* LaunchScreen.storyboard */,
			);
			path = StoryBoards;
			sourceTree = "<group>";
		};
/* End PBXGroup section */

/* Begin PBXNativeTarget section */
		5F05722128CEB19C0060579B /* Samaritan */ = {
			isa = PBXNativeTarget;
			buildConfigurationList = 5F05724C28CEB19F0060579B /* Build configuration list for PBXNativeTarget "Samaritan" */;
			buildPhases = (
				5F05721E28CEB19C0060579B /* Sources */,
				5F05721F28CEB19C0060579B /* Frameworks */,
				5F05722028CEB19C0060579B /* Resources */,
				5FFB327528D5F7D600802AE5 /* Swiftlint Run Script */,
			);
			buildRules = (
			);
			dependencies = (
			);
			name = Samaritan;
			packageProductDependencies = (
				5F8C432A28D1BBD600AED26E /* Realm */,
				5F8C432C28D1BBD600AED26E /* RealmSwift */,
			);
			productName = Samaritan;
			productReference = 5F05722228CEB19C0060579B /* Samaritan.app */;
			productType = "com.apple.product-type.application";
		};
		5F05723728CEB19F0060579B /* SamaritanTests */ = {
			isa = PBXNativeTarget;
			buildConfigurationList = 5F05724F28CEB19F0060579B /* Build configuration list for PBXNativeTarget "SamaritanTests" */;
			buildPhases = (
				5F05723428CEB19F0060579B /* Sources */,
				5F05723528CEB19F0060579B /* Frameworks */,
				5F05723628CEB19F0060579B /* Resources */,
			);
			buildRules = (
			);
			dependencies = (
				5F05723A28CEB19F0060579B /* PBXTargetDependency */,
			);
			name = SamaritanTests;
			productName = SamaritanTests;
			productReference = 5F05723828CEB19F0060579B /* SamaritanTests.xctest */;
			productType = "com.apple.product-type.bundle.unit-test";
		};
		5F05724128CEB19F0060579B /* SamaritanUITests */ = {
			isa = PBXNativeTarget;
			buildConfigurationList = 5F05725228CEB19F0060579B /* Build configuration list for PBXNativeTarget "SamaritanUITests" */;
			buildPhases = (
				5F05723E28CEB19F0060579B /* Sources */,
				5F05723F28CEB19F0060579B /* Frameworks */,
				5F05724028CEB19F0060579B /* Resources */,
			);
			buildRules = (
			);
			dependencies = (
				5F05724428CEB19F0060579B /* PBXTargetDependency */,
			);
			name = SamaritanUITests;
			productName = SamaritanUITests;
			productReference = 5F05724228CEB19F0060579B /* SamaritanUITests.xctest */;
			productType = "com.apple.product-type.bundle.ui-testing";
		};
/* End PBXNativeTarget section */

/* Begin PBXProject section */
		5F05721A28CEB19C0060579B /* Project object */ = {
			isa = PBXProject;
			attributes = {
				BuildIndependentTargetsInParallel = 1;
				LastSwiftUpdateCheck = 1400;
				LastUpgradeCheck = 1400;
				TargetAttributes = {
					5F05722128CEB19C0060579B = {
						CreatedOnToolsVersion = 14.0;
					};
					5F05723728CEB19F0060579B = {
						CreatedOnToolsVersion = 14.0;
						TestTargetID = 5F05722128CEB19C0060579B;
					};
					5F05724128CEB19F0060579B = {
						CreatedOnToolsVersion = 14.0;
						TestTargetID = 5F05722128CEB19C0060579B;
					};
				};
			};
			buildConfigurationList = 5F05721D28CEB19C0060579B /* Build configuration list for PBXProject "Samaritan" */;
			compatibilityVersion = "Xcode 13.0";
			developmentRegion = en;
			hasScannedForEncodings = 0;
			knownRegions = (
				en,
				Base,
			);
			mainGroup = 5F05721928CEB19C0060579B;
			packageReferences = (
				5F8C432928D1BBD600AED26E /* XCRemoteSwiftPackageReference "realm-swift" */,
			);
			productRefGroup = 5F05722328CEB19C0060579B /* Products */;
			projectDirPath = "";
			projectRoot = "";
			targets = (
				5F05722128CEB19C0060579B /* Samaritan */,
				5F05723728CEB19F0060579B /* SamaritanTests */,
				5F05724128CEB19F0060579B /* SamaritanUITests */,
			);
		};
/* End PBXProject section */

/* Begin PBXResourcesBuildPhase section */
		5F05722028CEB19C0060579B /* Resources */ = {
			isa = PBXResourcesBuildPhase;
			buildActionMask = 2147483647;
			files = (
				5F05723228CEB19E0060579B /* LaunchScreen.storyboard in Resources */,
				5F05722F28CEB19E0060579B /* Assets.xcassets in Resources */,
				5F05722D28CEB19C0060579B /* Main.storyboard in Resources */,
			);
			runOnlyForDeploymentPostprocessing = 0;
		};
		5F05723628CEB19F0060579B /* Resources */ = {
			isa = PBXResourcesBuildPhase;
			buildActionMask = 2147483647;
			files = (
			);
			runOnlyForDeploymentPostprocessing = 0;
		};
		5F05724028CEB19F0060579B /* Resources */ = {
			isa = PBXResourcesBuildPhase;
			buildActionMask = 2147483647;
			files = (
			);
			runOnlyForDeploymentPostprocessing = 0;
		};
/* End PBXResourcesBuildPhase section */

/* Begin PBXShellScriptBuildPhase section */
		5FFB327528D5F7D600802AE5 /* Swiftlint Run Script */ = {
			isa = PBXShellScriptBuildPhase;
			alwaysOutOfDate = 1;
			buildActionMask = 2147483647;
			files = (
			);
			inputFileListPaths = (
			);
			inputPaths = (
			);
			name = "Swiftlint Run Script";
			outputFileListPaths = (
			);
			outputPaths = (
			);
			runOnlyForDeploymentPostprocessing = 0;
			shellPath = /bin/sh;
			shellScript = "export PATH=\"$PATH:/opt/homebrew/bin\"\n\nif which swiftlint >/dev/null; then\n    swiftlint --no-cache\nelse\n    echo \"SwiftLint does not exist, download from https://github.com/realm/SwiftLint\"\nfi\n";
		};
/* End PBXShellScriptBuildPhase section */

/* Begin PBXSourcesBuildPhase section */
		5F05721E28CEB19C0060579B /* Sources */ = {
			isa = PBXSourcesBuildPhase;
			buildActionMask = 2147483647;
			files = (
				5F8C432F28D1BC4D00AED26E /* WebHistoryRecord.swift in Sources */,
				5F8C433328D1C3E100AED26E /* WKWebView+Extensions.swift in Sources */,
				5FFD8C7328D1D98200FD234D /* UIView+Extension.swift in Sources */,
				5F05722A28CEB19C0060579B /* MainViewController.swift in Sources */,
				5F05722628CEB19C0060579B /* AppDelegate.swift in Sources */,
				5F8C433128D1BF2900AED26E /* WebViewModel.swift in Sources */,
				5F9C650928D3BDAA005EF01E /* PresentationState.swift in Sources */,
				5FFD8C7128D1D96200FD234D /* UIButton+Extension.swift in Sources */,
				5F51630928D2D8080049EF0F /*  UserDefaults.swift in Sources */,
				5F22AC1528D1E539005BD716 /* Constants.swift in Sources */,
				5F4E157828D22C7E00DEF0AC /* Logger+Extension.swift in Sources */,
			);
			runOnlyForDeploymentPostprocessing = 0;
		};
		5F05723428CEB19F0060579B /* Sources */ = {
			isa = PBXSourcesBuildPhase;
			buildActionMask = 2147483647;
			files = (
				5F05723D28CEB19F0060579B /* SamaritanTests.swift in Sources */,
			);
			runOnlyForDeploymentPostprocessing = 0;
		};
		5F05723E28CEB19F0060579B /* Sources */ = {
			isa = PBXSourcesBuildPhase;
			buildActionMask = 2147483647;
			files = (
				5F05724728CEB19F0060579B /* SamaritanUITests.swift in Sources */,
				5F05724928CEB19F0060579B /* SamaritanUITestsLaunchTests.swift in Sources */,
			);
			runOnlyForDeploymentPostprocessing = 0;
		};
/* End PBXSourcesBuildPhase section */

/* Begin PBXTargetDependency section */
		5F05723A28CEB19F0060579B /* PBXTargetDependency */ = {
			isa = PBXTargetDependency;
			target = 5F05722128CEB19C0060579B /* Samaritan */;
			targetProxy = 5F05723928CEB19F0060579B /* PBXContainerItemProxy */;
		};
		5F05724428CEB19F0060579B /* PBXTargetDependency */ = {
			isa = PBXTargetDependency;
			target = 5F05722128CEB19C0060579B /* Samaritan */;
			targetProxy = 5F05724328CEB19F0060579B /* PBXContainerItemProxy */;
		};
/* End PBXTargetDependency section */

/* Begin PBXVariantGroup section */
		5F05722B28CEB19C0060579B /* Main.storyboard */ = {
			isa = PBXVariantGroup;
			children = (
				5F05722C28CEB19C0060579B /* Base */,
			);
			name = Main.storyboard;
			sourceTree = "<group>";
		};
		5F05723028CEB19E0060579B /* LaunchScreen.storyboard */ = {
			isa = PBXVariantGroup;
			children = (
				5F05723128CEB19E0060579B /* Base */,
			);
			name = LaunchScreen.storyboard;
			sourceTree = "<group>";
		};
/* End PBXVariantGroup section */

/* Begin XCBuildConfiguration section */
		5F05724A28CEB19F0060579B /* Debug */ = {
			isa = XCBuildConfiguration;
			buildSettings = {
				ALWAYS_SEARCH_USER_PATHS = NO;
				CLANG_ANALYZER_NONNULL = YES;
				CLANG_ANALYZER_NUMBER_OBJECT_CONVERSION = YES_AGGRESSIVE;
				CLANG_CXX_LANGUAGE_STANDARD = "gnu++20";
				CLANG_ENABLE_MODULES = YES;
				CLANG_ENABLE_OBJC_ARC = YES;
				CLANG_ENABLE_OBJC_WEAK = YES;
				CLANG_WARN_BLOCK_CAPTURE_AUTORELEASING = YES;
				CLANG_WARN_BOOL_CONVERSION = YES;
				CLANG_WARN_COMMA = YES;
				CLANG_WARN_CONSTANT_CONVERSION = YES;
				CLANG_WARN_DEPRECATED_OBJC_IMPLEMENTATIONS = YES;
				CLANG_WARN_DIRECT_OBJC_ISA_USAGE = YES_ERROR;
				CLANG_WARN_DOCUMENTATION_COMMENTS = YES;
				CLANG_WARN_EMPTY_BODY = YES;
				CLANG_WARN_ENUM_CONVERSION = YES;
				CLANG_WARN_INFINITE_RECURSION = YES;
				CLANG_WARN_INT_CONVERSION = YES;
				CLANG_WARN_NON_LITERAL_NULL_CONVERSION = YES;
				CLANG_WARN_OBJC_IMPLICIT_RETAIN_SELF = YES;
				CLANG_WARN_OBJC_LITERAL_CONVERSION = YES;
				CLANG_WARN_OBJC_ROOT_CLASS = YES_ERROR;
				CLANG_WARN_QUOTED_INCLUDE_IN_FRAMEWORK_HEADER = YES;
				CLANG_WARN_RANGE_LOOP_ANALYSIS = YES;
				CLANG_WARN_STRICT_PROTOTYPES = YES;
				CLANG_WARN_SUSPICIOUS_MOVE = YES;
				CLANG_WARN_UNGUARDED_AVAILABILITY = YES_AGGRESSIVE;
				CLANG_WARN_UNREACHABLE_CODE = YES;
				CLANG_WARN__DUPLICATE_METHOD_MATCH = YES;
				COPY_PHASE_STRIP = NO;
				DEBUG_INFORMATION_FORMAT = dwarf;
				ENABLE_STRICT_OBJC_MSGSEND = YES;
				ENABLE_TESTABILITY = YES;
				GCC_C_LANGUAGE_STANDARD = gnu11;
				GCC_DYNAMIC_NO_PIC = NO;
				GCC_NO_COMMON_BLOCKS = YES;
				GCC_OPTIMIZATION_LEVEL = 0;
				GCC_PREPROCESSOR_DEFINITIONS = (
					"DEBUG=1",
					"$(inherited)",
				);
				GCC_WARN_64_TO_32_BIT_CONVERSION = YES;
				GCC_WARN_ABOUT_RETURN_TYPE = YES_ERROR;
				GCC_WARN_UNDECLARED_SELECTOR = YES;
				GCC_WARN_UNINITIALIZED_AUTOS = YES_AGGRESSIVE;
				GCC_WARN_UNUSED_FUNCTION = YES;
				GCC_WARN_UNUSED_VARIABLE = YES;
				IPHONEOS_DEPLOYMENT_TARGET = 16.0;
				MTL_ENABLE_DEBUG_INFO = INCLUDE_SOURCE;
				MTL_FAST_MATH = YES;
				ONLY_ACTIVE_ARCH = YES;
				SDKROOT = iphoneos;
				SWIFT_ACTIVE_COMPILATION_CONDITIONS = DEBUG;
				SWIFT_OPTIMIZATION_LEVEL = "-Onone";
			};
			name = Debug;
		};
		5F05724B28CEB19F0060579B /* Release */ = {
			isa = XCBuildConfiguration;
			buildSettings = {
				ALWAYS_SEARCH_USER_PATHS = NO;
				CLANG_ANALYZER_NONNULL = YES;
				CLANG_ANALYZER_NUMBER_OBJECT_CONVERSION = YES_AGGRESSIVE;
				CLANG_CXX_LANGUAGE_STANDARD = "gnu++20";
				CLANG_ENABLE_MODULES = YES;
				CLANG_ENABLE_OBJC_ARC = YES;
				CLANG_ENABLE_OBJC_WEAK = YES;
				CLANG_WARN_BLOCK_CAPTURE_AUTORELEASING = YES;
				CLANG_WARN_BOOL_CONVERSION = YES;
				CLANG_WARN_COMMA = YES;
				CLANG_WARN_CONSTANT_CONVERSION = YES;
				CLANG_WARN_DEPRECATED_OBJC_IMPLEMENTATIONS = YES;
				CLANG_WARN_DIRECT_OBJC_ISA_USAGE = YES_ERROR;
				CLANG_WARN_DOCUMENTATION_COMMENTS = YES;
				CLANG_WARN_EMPTY_BODY = YES;
				CLANG_WARN_ENUM_CONVERSION = YES;
				CLANG_WARN_INFINITE_RECURSION = YES;
				CLANG_WARN_INT_CONVERSION = YES;
				CLANG_WARN_NON_LITERAL_NULL_CONVERSION = YES;
				CLANG_WARN_OBJC_IMPLICIT_RETAIN_SELF = YES;
				CLANG_WARN_OBJC_LITERAL_CONVERSION = YES;
				CLANG_WARN_OBJC_ROOT_CLASS = YES_ERROR;
				CLANG_WARN_QUOTED_INCLUDE_IN_FRAMEWORK_HEADER = YES;
				CLANG_WARN_RANGE_LOOP_ANALYSIS = YES;
				CLANG_WARN_STRICT_PROTOTYPES = YES;
				CLANG_WARN_SUSPICIOUS_MOVE = YES;
				CLANG_WARN_UNGUARDED_AVAILABILITY = YES_AGGRESSIVE;
				CLANG_WARN_UNREACHABLE_CODE = YES;
				CLANG_WARN__DUPLICATE_METHOD_MATCH = YES;
				COPY_PHASE_STRIP = NO;
				DEBUG_INFORMATION_FORMAT = "dwarf-with-dsym";
				ENABLE_NS_ASSERTIONS = NO;
				ENABLE_STRICT_OBJC_MSGSEND = YES;
				GCC_C_LANGUAGE_STANDARD = gnu11;
				GCC_NO_COMMON_BLOCKS = YES;
				GCC_WARN_64_TO_32_BIT_CONVERSION = YES;
				GCC_WARN_ABOUT_RETURN_TYPE = YES_ERROR;
				GCC_WARN_UNDECLARED_SELECTOR = YES;
				GCC_WARN_UNINITIALIZED_AUTOS = YES_AGGRESSIVE;
				GCC_WARN_UNUSED_FUNCTION = YES;
				GCC_WARN_UNUSED_VARIABLE = YES;
				IPHONEOS_DEPLOYMENT_TARGET = 16.0;
				MTL_ENABLE_DEBUG_INFO = NO;
				MTL_FAST_MATH = YES;
				SDKROOT = iphoneos;
				SWIFT_COMPILATION_MODE = wholemodule;
				SWIFT_OPTIMIZATION_LEVEL = "-O";
				VALIDATE_PRODUCT = YES;
			};
			name = Release;
		};
		5F05724D28CEB19F0060579B /* Debug */ = {
			isa = XCBuildConfiguration;
			buildSettings = {
				ASSETCATALOG_COMPILER_APPICON_NAME = AppIcon;
				ASSETCATALOG_COMPILER_GLOBAL_ACCENT_COLOR_NAME = AccentColor;
				CODE_SIGN_STYLE = Automatic;
				CURRENT_PROJECT_VERSION = 1;
				DEVELOPMENT_TEAM = WV9WZS43J9;
				GENERATE_INFOPLIST_FILE = YES;
				INFOPLIST_FILE = Samaritan/Info.plist;
				INFOPLIST_KEY_UIApplicationSupportsIndirectInputEvents = YES;
				INFOPLIST_KEY_UILaunchStoryboardName = LaunchScreen;
				INFOPLIST_KEY_UIMainStoryboardFile = Main;
				INFOPLIST_KEY_UISupportedInterfaceOrientations_iPad = "UIInterfaceOrientationPortrait UIInterfaceOrientationPortraitUpsideDown UIInterfaceOrientationLandscapeLeft UIInterfaceOrientationLandscapeRight";
				INFOPLIST_KEY_UISupportedInterfaceOrientations_iPhone = "UIInterfaceOrientationPortrait UIInterfaceOrientationLandscapeLeft UIInterfaceOrientationLandscapeRight";
				IPHONEOS_DEPLOYMENT_TARGET = 13.0;
				LD_RUNPATH_SEARCH_PATHS = (
					"$(inherited)",
					"@executable_path/Frameworks",
				);
				MARKETING_VERSION = 1.0;
				PRODUCT_BUNDLE_IDENTIFIER = com.appbantu.Samaritan;
				PRODUCT_NAME = "$(TARGET_NAME)";
				SUPPORTED_PLATFORMS = "iphoneos iphonesimulator";
				SUPPORTS_MACCATALYST = NO;
				SUPPORTS_MAC_DESIGNED_FOR_IPHONE_IPAD = NO;
				SWIFT_EMIT_LOC_STRINGS = YES;
				SWIFT_VERSION = 5.0;
				TARGETED_DEVICE_FAMILY = "1,2";
			};
			name = Debug;
		};
		5F05724E28CEB19F0060579B /* Release */ = {
			isa = XCBuildConfiguration;
			buildSettings = {
				ASSETCATALOG_COMPILER_APPICON_NAME = AppIcon;
				ASSETCATALOG_COMPILER_GLOBAL_ACCENT_COLOR_NAME = AccentColor;
				CODE_SIGN_STYLE = Automatic;
				CURRENT_PROJECT_VERSION = 1;
				DEVELOPMENT_TEAM = WV9WZS43J9;
				GENERATE_INFOPLIST_FILE = YES;
				INFOPLIST_FILE = Samaritan/Info.plist;
				INFOPLIST_KEY_UIApplicationSupportsIndirectInputEvents = YES;
				INFOPLIST_KEY_UILaunchStoryboardName = LaunchScreen;
				INFOPLIST_KEY_UIMainStoryboardFile = Main;
				INFOPLIST_KEY_UISupportedInterfaceOrientations_iPad = "UIInterfaceOrientationPortrait UIInterfaceOrientationPortraitUpsideDown UIInterfaceOrientationLandscapeLeft UIInterfaceOrientationLandscapeRight";
				INFOPLIST_KEY_UISupportedInterfaceOrientations_iPhone = "UIInterfaceOrientationPortrait UIInterfaceOrientationLandscapeLeft UIInterfaceOrientationLandscapeRight";
				IPHONEOS_DEPLOYMENT_TARGET = 13.0;
				LD_RUNPATH_SEARCH_PATHS = (
					"$(inherited)",
					"@executable_path/Frameworks",
				);
				MARKETING_VERSION = 1.0;
				PRODUCT_BUNDLE_IDENTIFIER = com.appbantu.Samaritan;
				PRODUCT_NAME = "$(TARGET_NAME)";
				SUPPORTED_PLATFORMS = "iphoneos iphonesimulator";
				SUPPORTS_MACCATALYST = NO;
				SUPPORTS_MAC_DESIGNED_FOR_IPHONE_IPAD = NO;
				SWIFT_EMIT_LOC_STRINGS = YES;
				SWIFT_VERSION = 5.0;
				TARGETED_DEVICE_FAMILY = "1,2";
			};
			name = Release;
		};
		5F05725028CEB19F0060579B /* Debug */ = {
			isa = XCBuildConfiguration;
			buildSettings = {
				ALWAYS_EMBED_SWIFT_STANDARD_LIBRARIES = YES;
				BUNDLE_LOADER = "$(TEST_HOST)";
				CODE_SIGN_STYLE = Automatic;
				CURRENT_PROJECT_VERSION = 1;
				DEVELOPMENT_TEAM = WV9WZS43J9;
				GENERATE_INFOPLIST_FILE = YES;
				IPHONEOS_DEPLOYMENT_TARGET = 16.0;
				MARKETING_VERSION = 1.0;
				PRODUCT_BUNDLE_IDENTIFIER = com.appbantu.SamaritanTests;
				PRODUCT_NAME = "$(TARGET_NAME)";
				SWIFT_EMIT_LOC_STRINGS = NO;
				SWIFT_VERSION = 5.0;
				TARGETED_DEVICE_FAMILY = "1,2";
				TEST_HOST = "$(BUILT_PRODUCTS_DIR)/Samaritan.app/$(BUNDLE_EXECUTABLE_FOLDER_PATH)/Samaritan";
			};
			name = Debug;
		};
		5F05725128CEB19F0060579B /* Release */ = {
			isa = XCBuildConfiguration;
			buildSettings = {
				ALWAYS_EMBED_SWIFT_STANDARD_LIBRARIES = YES;
				BUNDLE_LOADER = "$(TEST_HOST)";
				CODE_SIGN_STYLE = Automatic;
				CURRENT_PROJECT_VERSION = 1;
				DEVELOPMENT_TEAM = WV9WZS43J9;
				GENERATE_INFOPLIST_FILE = YES;
				IPHONEOS_DEPLOYMENT_TARGET = 16.0;
				MARKETING_VERSION = 1.0;
				PRODUCT_BUNDLE_IDENTIFIER = com.appbantu.SamaritanTests;
				PRODUCT_NAME = "$(TARGET_NAME)";
				SWIFT_EMIT_LOC_STRINGS = NO;
				SWIFT_VERSION = 5.0;
				TARGETED_DEVICE_FAMILY = "1,2";
				TEST_HOST = "$(BUILT_PRODUCTS_DIR)/Samaritan.app/$(BUNDLE_EXECUTABLE_FOLDER_PATH)/Samaritan";
			};
			name = Release;
		};
		5F05725328CEB19F0060579B /* Debug */ = {
			isa = XCBuildConfiguration;
			buildSettings = {
				ALWAYS_EMBED_SWIFT_STANDARD_LIBRARIES = YES;
				CODE_SIGN_STYLE = Automatic;
				CURRENT_PROJECT_VERSION = 1;
				DEVELOPMENT_TEAM = WV9WZS43J9;
				GENERATE_INFOPLIST_FILE = YES;
				MARKETING_VERSION = 1.0;
				PRODUCT_BUNDLE_IDENTIFIER = com.appbantu.SamaritanUITests;
				PRODUCT_NAME = "$(TARGET_NAME)";
				SWIFT_EMIT_LOC_STRINGS = NO;
				SWIFT_VERSION = 5.0;
				TARGETED_DEVICE_FAMILY = "1,2";
				TEST_TARGET_NAME = Samaritan;
			};
			name = Debug;
		};
		5F05725428CEB19F0060579B /* Release */ = {
			isa = XCBuildConfiguration;
			buildSettings = {
				ALWAYS_EMBED_SWIFT_STANDARD_LIBRARIES = YES;
				CODE_SIGN_STYLE = Automatic;
				CURRENT_PROJECT_VERSION = 1;
				DEVELOPMENT_TEAM = WV9WZS43J9;
				GENERATE_INFOPLIST_FILE = YES;
				MARKETING_VERSION = 1.0;
				PRODUCT_BUNDLE_IDENTIFIER = com.appbantu.SamaritanUITests;
				PRODUCT_NAME = "$(TARGET_NAME)";
				SWIFT_EMIT_LOC_STRINGS = NO;
				SWIFT_VERSION = 5.0;
				TARGETED_DEVICE_FAMILY = "1,2";
				TEST_TARGET_NAME = Samaritan;
			};
			name = Release;
		};
/* End XCBuildConfiguration section */

/* Begin XCConfigurationList section */
		5F05721D28CEB19C0060579B /* Build configuration list for PBXProject "Samaritan" */ = {
			isa = XCConfigurationList;
			buildConfigurations = (
				5F05724A28CEB19F0060579B /* Debug */,
				5F05724B28CEB19F0060579B /* Release */,
			);
			defaultConfigurationIsVisible = 0;
			defaultConfigurationName = Release;
		};
		5F05724C28CEB19F0060579B /* Build configuration list for PBXNativeTarget "Samaritan" */ = {
			isa = XCConfigurationList;
			buildConfigurations = (
				5F05724D28CEB19F0060579B /* Debug */,
				5F05724E28CEB19F0060579B /* Release */,
			);
			defaultConfigurationIsVisible = 0;
			defaultConfigurationName = Release;
		};
		5F05724F28CEB19F0060579B /* Build configuration list for PBXNativeTarget "SamaritanTests" */ = {
			isa = XCConfigurationList;
			buildConfigurations = (
				5F05725028CEB19F0060579B /* Debug */,
				5F05725128CEB19F0060579B /* Release */,
			);
			defaultConfigurationIsVisible = 0;
			defaultConfigurationName = Release;
		};
		5F05725228CEB19F0060579B /* Build configuration list for PBXNativeTarget "SamaritanUITests" */ = {
			isa = XCConfigurationList;
			buildConfigurations = (
				5F05725328CEB19F0060579B /* Debug */,
				5F05725428CEB19F0060579B /* Release */,
			);
			defaultConfigurationIsVisible = 0;
			defaultConfigurationName = Release;
		};
/* End XCConfigurationList section */

/* Begin XCRemoteSwiftPackageReference section */
		5F8C432928D1BBD600AED26E /* XCRemoteSwiftPackageReference "realm-swift" */ = {
			isa = XCRemoteSwiftPackageReference;
			repositoryURL = "https://github.com/realm/realm-swift.git";
			requirement = {
				kind = upToNextMajorVersion;
				minimumVersion = 10.32.0;
			};
		};
/* End XCRemoteSwiftPackageReference section */

/* Begin XCSwiftPackageProductDependency section */
		5F8C432A28D1BBD600AED26E /* Realm */ = {
			isa = XCSwiftPackageProductDependency;
			package = 5F8C432928D1BBD600AED26E /* XCRemoteSwiftPackageReference "realm-swift" */;
			productName = Realm;
		};
		5F8C432C28D1BBD600AED26E /* RealmSwift */ = {
			isa = XCSwiftPackageProductDependency;
			package = 5F8C432928D1BBD600AED26E /* XCRemoteSwiftPackageReference "realm-swift" */;
			productName = RealmSwift;
		};
/* End XCSwiftPackageProductDependency section */
	};
	rootObject = 5F05721A28CEB19C0060579B /* Project object */;
}
